
Microsoft Visual Studio Solution File, Format Version 12.00
# Visual Studio Version 17
VisualStudioVersion = 17.0.31903.59
MinimumVisualStudioVersion = 10.0.40219.1
Project("{FAE04EC0-301F-11D3-BF4B-00C04F79EFBC}") = "CheesecakeOrdering.Web", "CheesecakeOrdering.Web\CheesecakeOrdering.Web.csproj", "{3456965C-59A4-4FC0-BE97-A74A11D8D811}"
EndProject
Project("{FAE04EC0-301F-11D3-BF4B-00C04F79EFBC}") = "CheesecakeOrdering.Data", "CheesecakeOrdering.Data\CheesecakeOrdering.Data.csproj", "{428FE323-EB0C-46B2-8581-D2B02987EC75}"
EndProject
Global
	GlobalSection(SolutionConfigurationPlatforms) = preSolution
		Debug|Any CPU = Debug|Any CPU
		Release|Any CPU = Release|Any CPU
	EndGlobalSection
	GlobalSection(SolutionProperties) = preSolution
		HideSolutionNode = FALSE
	EndGlobalSection
	GlobalSection(ProjectConfigurationPlatforms) = postSolution
		{3456965C-59A4-4FC0-BE97-A74A11D8D811}.Debug|Any CPU.ActiveCfg = Debug|Any CPU
		{3456965C-59A4-4FC0-BE97-A74A11D8D811}.Debug|Any CPU.Build.0 = Debug|Any CPU
		{3456965C-59A4-4FC0-BE97-A74A11D8D811}.Release|Any CPU.ActiveCfg = Release|Any CPU
		{3456965C-59A4-4FC0-BE97-A74A11D8D811}.Release|Any CPU.Build.0 = Release|Any CPU
		{428FE323-EB0C-46B2-8581-D2B02987EC75}.Debug|Any CPU.ActiveCfg = Debug|Any CPU
		{428FE323-EB0C-46B2-8581-D2B02987EC75}.Debug|Any CPU.Build.0 = Debug|Any CPU
		{428FE323-EB0C-46B2-8581-D2B02987EC75}.Release|Any CPU.ActiveCfg = Release|Any CPU
		{428FE323-EB0C-46B2-8581-D2B02987EC75}.Release|Any CPU.Build.0 = Release|Any CPU
	EndGlobalSection
EndGlobal
